[[package]]
category = "main"
description = "Composable command line interface toolkit"
name = "click"
optional = false
python-versions = ">=2.7, !=3.0.*, !=3.1.*, !=3.2.*, !=3.3.*"
version = "7.0"

[[package]]
category = "main"
description = "Clean single-source support for Python 3 and 2"
name = "future"
optional = false
python-versions = ">=2.6, !=3.0.*, !=3.1.*, !=3.2.*"
version = "0.17.1"

[[package]]
category = "main"
description = "Pythonic Pandoc filters"
name = "panflute"
optional = false
python-versions = "*"
version = "1.11.2"

[package.dependencies]
click = "*"
future = "*"
pyyaml = "*"
shutilwhich = "*"

[[package]]
category = "main"
description = "Plumbum: shell combinators library"
name = "plumbum"
optional = false
python-versions = "*"
version = "1.6.7"

[[package]]
category = "main"
description = "YAML parser and emitter for Python"
name = "pyyaml"
optional = false
python-versions = ">=2.7, !=3.0.*, !=3.1.*, !=3.2.*, !=3.3.*"
version = "5.1"

[[package]]
category = "main"
description = "shutil.which for those not using Python 3.3 yet."
name = "shutilwhich"
optional = false
python-versions = "*"
version = "1.1.0"

[metadata]
content-hash = "2ff2775bc96d03bed0bda9ec0b480ce2b994df792d792d24d5684fee6a492560"
python-versions = "^3.6"

[metadata.hashes]
click = ["2335065e6395b9e67ca716de5f7526736bfa6ceead690adf616d925bdc622b13", "5b94b49521f6456670fdb30cd82a4eca9412788a93fa6dd6df72c94d5a8ff2d7"]
future = ["67045236dcfd6816dc439556d009594abf643e5eb48992e36beac09c2ca659b8"]
panflute = ["4ab543393cf163522bf240afe8b01ef2acf348b2e3e173c3d9535db534848f06", "61118563a8be3a8e71b9ab3e92c5a21712ed6ce647776914ed978d5f15c673f9", "cacfa096716f315b84f57fb53b6b972ffcb2c2f3503e248b4136fdfee59279fb"]
plumbum = ["d143f079bfb60b11e9bec09a49695ce2e55ce5ca0246877bdb0818ab7c7fc312", "df96a5facf621db4a6d682bdc93afa5ed6b107a8667c73c3f0a0f0fab4217c81"]
pyyaml = ["1adecc22f88d38052fb787d959f003811ca858b799590a5eaa70e63dca50308c", "436bc774ecf7c103814098159fbb84c2715d25980175292c648f2da143909f95", "460a5a4248763f6f37ea225d19d5c205677d8d525f6a83357ca622ed541830c2", "5a22a9c84653debfbf198d02fe592c176ea548cccce47553f35f466e15cf2fd4", "7a5d3f26b89d688db27822343dfa25c599627bc92093e788956372285c6298ad", "9372b04a02080752d9e6f990179a4ab840227c6e2ce15b95e1278456664cf2ba", "a5dcbebee834eaddf3fa7366316b880ff4062e4bcc9787b78c7fbb4a26ff2dd1", "aee5bab92a176e7cd034e57f46e9df9a9862a71f8f37cad167c6fc74c65f5b4e", "c51f642898c0bacd335fc119da60baae0824f2cde95b0330b56c0553439f0673", "c68ea4d3ba1705da1e0d85da6684ac657912679a649e8868bd850d2c299cce13", "e23d0cc5299223dcc37885dae624f382297717e459ea24053709675a976a3e19"]
shutilwhich = ["db1f39c6461e42f630fa617bb8c79090f7711c9ca493e615e43d0610ecb64dc6"]
